
Microsoft Visual Studio Solution File, Format Version 12.00
# Visual Studio Version 17
VisualStudioVersion = 17.11.35327.3
MinimumVisualStudioVersion = 10.0.40219.1
Project("{FAE04EC0-301F-11D3-BF4B-00C04F79EFBC}") = "ödev3", "ödev3\ödev3.csproj", "{92FCD274-6444-4470-B00D-E5AFF0ADD18D}"
EndProject
Global
	GlobalSection(SolutionConfigurationPlatforms) = preSolution
		Debug|Any CPU = Debug|Any CPU
		Release|Any CPU = Release|Any CPU
	EndGlobalSection
	GlobalSection(ProjectConfigurationPlatforms) = postSolution
		{92FCD274-6444-4470-B00D-E5AFF0ADD18D}.Debug|Any CPU.ActiveCfg = Debug|Any CPU
		{92FCD274-6444-4470-B00D-E5AFF0ADD18D}.Debug|Any CPU.Build.0 = Debug|Any CPU
		{92FCD274-6444-4470-B00D-E5AFF0ADD18D}.Release|Any CPU.ActiveCfg = Release|Any CPU
		{92FCD274-6444-4470-B00D-E5AFF0ADD18D}.Release|Any CPU.Build.0 = Release|Any CPU
	EndGlobalSection
	GlobalSection(SolutionProperties) = preSolution
		HideSolutionNode = FALSE
	EndGlobalSection
	GlobalSection(ExtensibilityGlobals) = postSolution
		SolutionGuid = {86DE3897-A8A2-443E-9192-1289877F85DF}
	EndGlobalSection
EndGlobal
